<?xml version="1.0" encoding="utf-8"?>
<Project ToolsVersion="4.0" xmlns="http://schemas.microsoft.com/developer/msbuild/2003">
  <ItemGroup>
    <Filter Include="Source Files">
      <UniqueIdentifier>{4FC737F1-C7A5-4376-A066-2A32D752A2FF}</UniqueIdentifier>
      <Extensions>cpp;c;cc;cxx;def;odl;idl;hpj;bat;asm;asmx</Extensions>
    </Filter>
    <Filter Include="Header Files">
      <UniqueIdentifier>{93995380-89BD-4b04-88EB-625FBE52EBFB}</UniqueIdentifier>
      <Extensions>h;hh;hpp;hxx;hm;inl;inc;xsd</Extensions>
    </Filter>
    <Filter Include="Resource Files">
      <UniqueIdentifier>{67DA6AB6-F800-4c08-8B7A-83BB121AAD01}</UniqueIdentifier>
      <Extensions>rc;ico;cur;bmp;dlg;rc2;rct;bin;rgs;gif;jpg;jpeg;jpe;resx;tiff;tif;png;wav;mfcribbon-ms</Extensions>
    </Filter>
  </ItemGroup>
  <ItemGroup>
    <ClCompile Include="main.cpp">
      <Filter>Source Files</Filter>
    </ClCompile>
  </ItemGroup>
  <ItemGroup>
    <None Include="..\..\LICENSE" />
    <None Include="..\..\README.md" />
  </ItemGroup>
  <ItemGroup>
    <ClInclude Include="include\aabbox3d.h">
      <Filter>Header Files</Filter>
    </ClInclude>
    <ClInclude Include="include\vector3d.h">
      <Filter>Header Files</Filter>
    </ClInclude>
    <ClInclude Include="include\CDynamicMeshBuffer.h">
      <Filter>Header Files</Filter>
    </ClInclude>
    <ClInclude Include="include\CIndexBuffer.h">
      <Filter>Header Files</Filter>
    </ClInclude>
    <ClInclude Include="include\CMeshBuffer.h">
      <Filter>Header Files</Filter>
    </ClInclude>
    <ClInclude Include="include\coreutil.h">
      <Filter>Header Files</Filter>
    </ClInclude>
    <ClInclude Include="include\CVertexBuffer.h">
      <Filter>Header Files</Filter>
    </ClInclude>
    <ClInclude Include="include\dimension2d.h">
      <Filter>Header Files</Filter>
    </ClInclude>
    <ClInclude Include="include\driverChoice.h">
      <Filter>Header Files</Filter>
    </ClInclude>
    <ClInclude Include="include\EAttributes.h">
      <Filter>Header Files</Filter>
    </ClInclude>
    <ClInclude Include="include\ECullingTypes.h">
      <Filter>Header Files</Filter>
    </ClInclude>
    <ClInclude Include="include\EDebugSceneTypes.h">
      <Filter>Header Files</Filter>
    </ClInclude>
    <ClInclude Include="include\EDeviceTypes.h">
      <Filter>Header Files</Filter>
    </ClInclude>
    <ClInclude Include="include\EDriverFeatures.h">
      <Filter>Header Files</Filter>
    </ClInclude>
    <ClInclude Include="include\EDriverTypes.h">
      <Filter>Header Files</Filter>
    </ClInclude>
    <ClInclude Include="include\EGUIAlignment.h">
      <Filter>Header Files</Filter>
    </ClInclude>
    <ClInclude Include="include\EGUIElementTypes.h">
      <Filter>Header Files</Filter>
    </ClInclude>
    <ClInclude Include="include\EHardwareBufferFlags.h">
      <Filter>Header Files</Filter>
    </ClInclude>
    <ClInclude Include="include\EMaterialFlags.h">
      <Filter>Header Files</Filter>
    </ClInclude>
    <ClInclude Include="include\EMaterialTypes.h">
      <Filter>Header Files</Filter>
    </ClInclude>
    <ClInclude Include="include\EMeshWriterEnums.h">
      <Filter>Header Files</Filter>
    </ClInclude>
    <ClInclude Include="include\EMessageBoxFlags.h">
      <Filter>Header Files</Filter>
    </ClInclude>
    <ClInclude Include="include\EPrimitiveTypes.h">
      <Filter>Header Files</Filter>
    </ClInclude>
    <ClInclude Include="include\ESceneNodeAnimatorTypes.h">
      <Filter>Header Files</Filter>
    </ClInclude>
    <ClInclude Include="include\ESceneNodeTypes.h">
      <Filter>Header Files</Filter>
    </ClInclude>
    <ClInclude Include="include\EShaderTypes.h">
      <Filter>Header Files</Filter>
    </ClInclude>
    <ClInclude Include="include\ETerrainElements.h">
      <Filter>Header Files</Filter>
    </ClInclude>
    <ClInclude Include="include\fast_atof.h">
      <Filter>Header Files</Filter>
    </ClInclude>
    <ClInclude Include="include\heapsort.h">
      <Filter>Header Files</Filter>
    </ClInclude>
    <ClInclude Include="include\IAnimatedMesh.h">
      <Filter>Header Files</Filter>
    </ClInclude>
    <ClInclude Include="include\IAnimatedMeshMD2.h">
      <Filter>Header Files</Filter>
    </ClInclude>
    <ClInclude Include="include\IAnimatedMeshMD3.h">
      <Filter>Header Files</Filter>
    </ClInclude>
    <ClInclude Include="include\IAnimatedMeshSceneNode.h">
      <Filter>Header Files</Filter>
    </ClInclude>
    <ClInclude Include="include\IAttributeExchangingObject.h">
      <Filter>Header Files</Filter>
    </ClInclude>
    <ClInclude Include="include\IAttributes.h">
      <Filter>Header Files</Filter>
    </ClInclude>
    <ClInclude Include="include\IBillboardSceneNode.h">
      <Filter>Header Files</Filter>
    </ClInclude>
    <ClInclude Include="include\IBillboardTextSceneNode.h">
      <Filter>Header Files</Filter>
    </ClInclude>
    <ClInclude Include="include\IBoneSceneNode.h">
      <Filter>Header Files</Filter>
    </ClInclude>
    <ClInclude Include="include\ICameraSceneNode.h">
      <Filter>Header Files</Filter>
    </ClInclude>
    <ClInclude Include="include\IColladaMeshWriter.h">
      <Filter>Header Files</Filter>
    </ClInclude>
    <ClInclude Include="include\ICursorControl.h">
      <Filter>Header Files</Filter>
    </ClInclude>
    <ClInclude Include="include\IDummyTransformationSceneNode.h">
      <Filter>Header Files</Filter>
    </ClInclude>
    <ClInclude Include="include\IDynamicMeshBuffer.h">
      <Filter>Header Files</Filter>
    </ClInclude>
    <ClInclude Include="include\IEventReceiver.h">
      <Filter>Header Files</Filter>
    </ClInclude>
    <ClInclude Include="include\IFileArchive.h">
      <Filter>Header Files</Filter>
    </ClInclude>
    <ClInclude Include="include\IFileList.h">
      <Filter>Header Files</Filter>
    </ClInclude>
    <ClInclude Include="include\IFileSystem.h">
      <Filter>Header Files</Filter>
    </ClInclude>
    <ClInclude Include="include\IGeometryCreator.h">
      <Filter>Header Files</Filter>
    </ClInclude>
    <ClInclude Include="include\IGPUProgrammingServices.h">
      <Filter>Header Files</Filter>
    </ClInclude>
    <ClInclude Include="include\IGUIButton.h">
      <Filter>Header Files</Filter>
    </ClInclude>
    <ClInclude Include="include\IGUICheckBox.h">
      <Filter>Header Files</Filter>
    </ClInclude>
    <ClInclude Include="include\IGUIColorSelectDialog.h">
      <Filter>Header Files</Filter>
    </ClInclude>
    <ClInclude Include="include\IGUIComboBox.h">
      <Filter>Header Files</Filter>
    </ClInclude>
    <ClInclude Include="include\IGUIContextMenu.h">
      <Filter>Header Files</Filter>
    </ClInclude>
    <ClInclude Include="include\IGUIEditBox.h">
      <Filter>Header Files</Filter>
    </ClInclude>
    <ClInclude Include="include\IGUIElement.h">
      <Filter>Header Files</Filter>
    </ClInclude>
    <ClInclude Include="include\IGUIElementFactory.h">
      <Filter>Header Files</Filter>
    </ClInclude>
    <ClInclude Include="include\IGUIEnvironment.h">
      <Filter>Header Files</Filter>
    </ClInclude>
    <ClInclude Include="include\IGUIFileOpenDialog.h">
      <Filter>Header Files</Filter>
    </ClInclude>
    <ClInclude Include="include\IGUIFont.h">
      <Filter>Header Files</Filter>
    </ClInclude>
    <ClInclude Include="include\IGUIFontBitmap.h">
      <Filter>Header Files</Filter>
    </ClInclude>
    <ClInclude Include="include\IGUIImage.h">
      <Filter>Header Files</Filter>
    </ClInclude>
    <ClInclude Include="include\IGUIImageList.h">
      <Filter>Header Files</Filter>
    </ClInclude>
    <ClInclude Include="include\IGUIInOutFader.h">
      <Filter>Header Files</Filter>
    </ClInclude>
    <ClInclude Include="include\IGUIListBox.h">
      <Filter>Header Files</Filter>
    </ClInclude>
    <ClInclude Include="include\IGUIMeshViewer.h">
      <Filter>Header Files</Filter>
    </ClInclude>
    <ClInclude Include="include\IGUIScrollBar.h">
      <Filter>Header Files</Filter>
    </ClInclude>
    <ClInclude Include="include\IGUISkin.h">
      <Filter>Header Files</Filter>
    </ClInclude>
    <ClInclude Include="include\IGUISpinBox.h">
      <Filter>Header Files</Filter>
    </ClInclude>
    <ClInclude Include="include\IGUISpriteBank.h">
      <Filter>Header Files</Filter>
    </ClInclude>
    <ClInclude Include="include\IGUIStaticText.h">
      <Filter>Header Files</Filter>
    </ClInclude>
    <ClInclude Include="include\IGUITabControl.h">
      <Filter>Header Files</Filter>
    </ClInclude>
    <ClInclude Include="include\IGUITable.h">
      <Filter>Header Files</Filter>
    </ClInclude>
    <ClInclude Include="include\IGUIToolbar.h">
      <Filter>Header Files</Filter>
    </ClInclude>
    <ClInclude Include="include\IGUITreeView.h">
      <Filter>Header Files</Filter>
    </ClInclude>
    <ClInclude Include="include\IGUIWindow.h">
      <Filter>Header Files</Filter>
    </ClInclude>
    <ClInclude Include="include\IImage.h">
      <Filter>Header Files</Filter>
    </ClInclude>
    <ClInclude Include="include\IImageLoader.h">
      <Filter>Header Files</Filter>
    </ClInclude>
    <ClInclude Include="include\IImageWriter.h">
      <Filter>Header Files</Filter>
    </ClInclude>
    <ClInclude Include="include\IIndexBuffer.h">
      <Filter>Header Files</Filter>
    </ClInclude>
    <ClInclude Include="include\ILightManager.h">
      <Filter>Header Files</Filter>
    </ClInclude>
    <ClInclude Include="include\ILightSceneNode.h">
      <Filter>Header Files</Filter>
    </ClInclude>
    <ClInclude Include="include\ILogger.h">
      <Filter>Header Files</Filter>
    </ClInclude>
    <ClInclude Include="include\IMaterialRenderer.h">
      <Filter>Header Files</Filter>
    </ClInclude>
    <ClInclude Include="include\IMaterialRendererServices.h">
      <Filter>Header Files</Filter>
    </ClInclude>
    <ClInclude Include="include\IMesh.h">
      <Filter>Header Files</Filter>
    </ClInclude>
    <ClInclude Include="include\IMeshBuffer.h">
      <Filter>Header Files</Filter>
    </ClInclude>
    <ClInclude Include="include\IMeshCache.h">
      <Filter>Header Files</Filter>
    </ClInclude>
    <ClInclude Include="include\IMeshLoader.h">
      <Filter>Header Files</Filter>
    </ClInclude>
    <ClInclude Include="include\IMeshManipulator.h">
      <Filter>Header Files</Filter>
    </ClInclude>
    <ClInclude Include="include\IMeshSceneNode.h">
      <Filter>Header Files</Filter>
    </ClInclude>
    <ClInclude Include="include\IMeshWriter.h">
      <Filter>Header Files</Filter>
    </ClInclude>
    <ClInclude Include="include\IMetaTriangleSelector.h">
      <Filter>Header Files</Filter>
    </ClInclude>
    <ClInclude Include="include\IOSOperator.h">
      <Filter>Header Files</Filter>
    </ClInclude>
    <ClInclude Include="include\IParticleAffector.h">
      <Filter>Header Files</Filter>
    </ClInclude>
    <ClInclude Include="include\IParticleAnimatedMeshSceneNodeEmitter.h">
      <Filter>Header Files</Filter>
    </ClInclude>
    <ClInclude Include="include\IParticleAttractionAffector.h">
      <Filter>Header Files</Filter>
    </ClInclude>
    <ClInclude Include="include\IParticleBoxEmitter.h">
      <Filter>Header Files</Filter>
    </ClInclude>
    <ClInclude Include="include\IParticleCylinderEmitter.h">
      <Filter>Header Files</Filter>
    </ClInclude>
    <ClInclude Include="include\IParticleEmitter.h">
      <Filter>Header Files</Filter>
    </ClInclude>
    <ClInclude Include="include\IParticleFadeOutAffector.h">
      <Filter>Header Files</Filter>
    </ClInclude>
    <ClInclude Include="include\IParticleGravityAffector.h">
      <Filter>Header Files</Filter>
    </ClInclude>
    <ClInclude Include="include\IParticleMeshEmitter.h">
      <Filter>Header Files</Filter>
    </ClInclude>
    <ClInclude Include="include\IParticleRingEmitter.h">
      <Filter>Header Files</Filter>
    </ClInclude>
    <ClInclude Include="include\IParticleRotationAffector.h">
      <Filter>Header Files</Filter>
    </ClInclude>
    <ClInclude Include="include\IParticleSphereEmitter.h">
      <Filter>Header Files</Filter>
    </ClInclude>
    <ClInclude Include="include\IParticleSystemSceneNode.h">
      <Filter>Header Files</Filter>
    </ClInclude>
    <ClInclude Include="include\IQ3LevelMesh.h">
      <Filter>Header Files</Filter>
    </ClInclude>
    <ClInclude Include="include\IQ3Shader.h">
      <Filter>Header Files</Filter>
    </ClInclude>
    <ClInclude Include="include\IRandomizer.h">
      <Filter>Header Files</Filter>
    </ClInclude>
    <ClInclude Include="include\IReadFile.h">
      <Filter>Header Files</Filter>
    </ClInclude>
    <ClInclude Include="include\IReferenceCounted.h">
      <Filter>Header Files</Filter>
    </ClInclude>
    <ClInclude Include="include\irrAllocator.h">
      <Filter>Header Files</Filter>
    </ClInclude>
    <ClInclude Include="include\irrArray.h">
      <Filter>Header Files</Filter>
    </ClInclude>
    <ClInclude Include="include\IrrCompileConfig.h">
      <Filter>Header Files</Filter>
    </ClInclude>
    <ClInclude Include="include\irrlicht.h">
      <Filter>Header Files</Filter>
    </ClInclude>
    <ClInclude Include="include\IrrlichtDevice.h">
      <Filter>Header Files</Filter>
    </ClInclude>
    <ClInclude Include="include\irrList.h">
      <Filter>Header Files</Filter>
    </ClInclude>
    <ClInclude Include="include\irrMap.h">
      <Filter>Header Files</Filter>
    </ClInclude>
    <ClInclude Include="include\irrMath.h">
      <Filter>Header Files</Filter>
    </ClInclude>
    <ClInclude Include="include\irrpack.h">
      <Filter>Header Files</Filter>
    </ClInclude>
    <ClInclude Include="include\irrString.h">
      <Filter>Header Files</Filter>
    </ClInclude>
    <ClInclude Include="include\irrTypes.h">
      <Filter>Header Files</Filter>
    </ClInclude>
    <ClInclude Include="include\irrunpack.h">
      <Filter>Header Files</Filter>
    </ClInclude>
    <ClInclude Include="include\irrXML.h">
      <Filter>Header Files</Filter>
    </ClInclude>
    <ClInclude Include="include\ISceneCollisionManager.h">
      <Filter>Header Files</Filter>
    </ClInclude>
    <ClInclude Include="include\ISceneLoader.h">
      <Filter>Header Files</Filter>
    </ClInclude>
    <ClInclude Include="include\ISceneManager.h">
      <Filter>Header Files</Filter>
    </ClInclude>
    <ClInclude Include="include\ISceneNode.h">
      <Filter>Header Files</Filter>
    </ClInclude>
    <ClInclude Include="include\ISceneNodeAnimator.h">
      <Filter>Header Files</Filter>
    </ClInclude>
    <ClInclude Include="include\ISceneNodeAnimatorCameraFPS.h">
      <Filter>Header Files</Filter>
    </ClInclude>
    <ClInclude Include="include\ISceneNodeAnimatorCameraMaya.h">
      <Filter>Header Files</Filter>
    </ClInclude>
    <ClInclude Include="include\ISceneNodeAnimatorCollisionResponse.h">
      <Filter>Header Files</Filter>
    </ClInclude>
    <ClInclude Include="include\ISceneNodeAnimatorFactory.h">
      <Filter>Header Files</Filter>
    </ClInclude>
    <ClInclude Include="include\ISceneNodeFactory.h">
      <Filter>Header Files</Filter>
    </ClInclude>
    <ClInclude Include="include\ISceneUserDataSerializer.h">
      <Filter>Header Files</Filter>
    </ClInclude>
    <ClInclude Include="include\IShaderConstantSetCallBack.h">
      <Filter>Header Files</Filter>
    </ClInclude>
    <ClInclude Include="include\IShadowVolumeSceneNode.h">
      <Filter>Header Files</Filter>
    </ClInclude>
    <ClInclude Include="include\ISkinnedMesh.h">
      <Filter>Header Files</Filter>
    </ClInclude>
    <ClInclude Include="include\ITerrainSceneNode.h">
      <Filter>Header Files</Filter>
    </ClInclude>
    <ClInclude Include="include\ITextSceneNode.h">
      <Filter>Header Files</Filter>
    </ClInclude>
    <ClInclude Include="include\ITexture.h">
      <Filter>Header Files</Filter>
    </ClInclude>
    <ClInclude Include="include\ITimer.h">
      <Filter>Header Files</Filter>
    </ClInclude>
    <ClInclude Include="include\ITriangleSelector.h">
      <Filter>Header Files</Filter>
    </ClInclude>
    <ClInclude Include="include\IVertexBuffer.h">
      <Filter>Header Files</Filter>
    </ClInclude>
    <ClInclude Include="include\IVideoDriver.h">
      <Filter>Header Files</Filter>
    </ClInclude>
    <ClInclude Include="include\IVideoModeList.h">
      <Filter>Header Files</Filter>
    </ClInclude>
    <ClInclude Include="include\IVolumeLightSceneNode.h">
      <Filter>Header Files</Filter>
    </ClInclude>
    <ClInclude Include="include\IWriteFile.h">
      <Filter>Header Files</Filter>
    </ClInclude>
    <ClInclude Include="include\IXMLReader.h">
      <Filter>Header Files</Filter>
    </ClInclude>
    <ClInclude Include="include\IXMLWriter.h">
      <Filter>Header Files</Filter>
    </ClInclude>
    <ClInclude Include="include\Keycodes.h">
      <Filter>Header Files</Filter>
    </ClInclude>
    <ClInclude Include="include\line2d.h">
      <Filter>Header Files</Filter>
    </ClInclude>
    <ClInclude Include="include\line3d.h">
      <Filter>Header Files</Filter>
    </ClInclude>
    <ClInclude Include="include\matrix4.h">
      <Filter>Header Files</Filter>
    </ClInclude>
    <ClInclude Include="include\path.h">
      <Filter>Header Files</Filter>
    </ClInclude>
    <ClInclude Include="include\plane3d.h">
      <Filter>Header Files</Filter>
    </ClInclude>
    <ClInclude Include="include\position2d.h">
      <Filter>Header Files</Filter>
    </ClInclude>
    <ClInclude Include="include\quaternion.h">
      <Filter>Header Files</Filter>
    </ClInclude>
    <ClInclude Include="include\rect.h">
      <Filter>Header Files</Filter>
    </ClInclude>
    <ClInclude Include="include\S3DVertex.h">
      <Filter>Header Files</Filter>
    </ClInclude>
    <ClInclude Include="include\SAnimatedMesh.h">
      <Filter>Header Files</Filter>
    </ClInclude>
    <ClInclude Include="include\SceneParameters.h">
      <Filter>Header Files</Filter>
    </ClInclude>
    <ClInclude Include="include\SColor.h">
      <Filter>Header Files</Filter>
    </ClInclude>
    <ClInclude Include="include\SExposedVideoData.h">
      <Filter>Header Files</Filter>
    </ClInclude>
    <ClInclude Include="include\SIrrCreationParameters.h">
      <Filter>Header Files</Filter>
    </ClInclude>
    <ClInclude Include="include\SKeyMap.h">
      <Filter>Header Files</Filter>
    </ClInclude>
    <ClInclude Include="include\SLight.h">
      <Filter>Header Files</Filter>
    </ClInclude>
    <ClInclude Include="include\SMaterial.h">
      <Filter>Header Files</Filter>
    </ClInclude>
    <ClInclude Include="include\SMaterialLayer.h">
      <Filter>Header Files</Filter>
    </ClInclude>
    <ClInclude Include="include\SMesh.h">
      <Filter>Header Files</Filter>
    </ClInclude>
    <ClInclude Include="include\SMeshBuffer.h">
      <Filter>Header Files</Filter>
    </ClInclude>
    <ClInclude Include="include\SMeshBufferLightMap.h">
      <Filter>Header Files</Filter>
    </ClInclude>
    <ClInclude Include="include\SMeshBufferTangents.h">
      <Filter>Header Files</Filter>
    </ClInclude>
    <ClInclude Include="include\SParticle.h">
      <Filter>Header Files</Filter>
    </ClInclude>
    <ClInclude Include="include\SSharedMeshBuffer.h">
      <Filter>Header Files</Filter>
    </ClInclude>
    <ClInclude Include="include\SSkinMeshBuffer.h">
      <Filter>Header Files</Filter>
    </ClInclude>
    <ClInclude Include="include\SVertexIndex.h">
      <Filter>Header Files</Filter>
    </ClInclude>
    <ClInclude Include="include\SVertexManipulator.h">
      <Filter>Header Files</Filter>
    </ClInclude>
    <ClInclude Include="include\SViewFrustum.h">
      <Filter>Header Files</Filter>
    </ClInclude>
    <ClInclude Include="include\triangle3d.h">
      <Filter>Header Files</Filter>
    </ClInclude>
    <ClInclude Include="include\vector2d.h">
      <Filter>Header Files</Filter>
    </ClInclude>
  </ItemGroup>
</Project>